<?xml version="1.0" encoding="UTF-8"?>
<Scheme
   LastUpgradeVersion = "1610"
   version = "1.7">
   <BuildAction
      parallelizeBuildables = "YES"
      buildImplicitDependencies = "YES"
      buildArchitectures = "Automatic">
      <BuildActionEntries>
         <BuildActionEntry
            buildForTesting = "YES"
            buildForRunning = "YES"
            buildForProfiling = "YES"
            buildForArchiving = "YES"
            buildForAnalyzing = "YES">
            <BuildableReference
               BuildableIdentifier = "primary"
               BlueprintIdentifier = "52DE6CB02CBE3015008EB99F"
               BuildableName = "drawboy"
               BlueprintName = "DrawBoy"
               ReferencedContainer = "container:DrawBoy.xcodeproj">
            </BuildableReference>
         </BuildActionEntry>
      </BuildActionEntries>
   </BuildAction>
   <TestAction
      buildConfiguration = "Debug"
      selectedDebuggerIdentifier = "Xcode.DebuggerFoundation.Debugger.LLDB"
      selectedLauncherIdentifier = "Xcode.DebuggerFoundation.Launcher.LLDB"
      shouldUseLaunchSchemeArgsEnv = "YES"
      shouldAutocreateTestPlan = "YES">
   </TestAction>
   <LaunchAction
      buildConfiguration = "Debug"
      selectedDebuggerIdentifier = "Xcode.DebuggerFoundation.Debugger.LLDB"
      selectedLauncherIdentifier = "Xcode.DebuggerFoundation.Launcher.LLDB"
      launchStyle = "0"
      useCustomWorkingDirectory = "YES"
      customWorkingDirectory = "/Users/john/Projects/DrawBoy/DrawBoy"
      ignoresPersistentStateOnLaunch = "NO"
      debugDocumentVersioning = "YES"
      debugServiceExtension = "internal"
      allowLocationSimulation = "YES"
      viewDebuggingEnabled = "No"
      consoleMode = "1"
      structuredConsoleMode = "3">
      <BuildableProductRunnable
         runnableDebuggingMode = "0">
         <BuildableReference
            BuildableIdentifier = "primary"
            BlueprintIdentifier = "52DE6CB02CBE3015008EB99F"
            BuildableName = "drawboy"
            BlueprintName = "DrawBoy"
            ReferencedContainer = "container:DrawBoy.xcodeproj">
         </BuildableReference>
      </BuildableProductRunnable>
      <CommandLineArguments>
         <CommandLineArgument
            argument = "-h"
            isEnabled = "NO">
         </CommandLineArgument>
         <CommandLineArgument
            argument = "--threading"
            isEnabled = "NO">
         </CommandLineArgument>
         <CommandLineArgument
            argument = "--net"
            isEnabled = "NO">
         </CommandLineArgument>
         <CommandLineArgument
            argument = "--cd4"
            isEnabled = "YES">
         </CommandLineArgument>
         <CommandLineArgument
            argument = "--colorAlert=Pulse"
            isEnabled = "YES">
         </CommandLineArgument>
         <CommandLineArgument
            argument = "--check"
            isEnabled = "NO">
         </CommandLineArgument>
         <CommandLineArgument
            argument = "&quot;wz_2009wk30_LillianWhipple_TheTree_SummerAndWinter.wif&quot;"
            isEnabled = "NO">
         </CommandLineArgument>
         <CommandLineArgument
            argument = "&quot;persimmon profile.dtx&quot;"
            isEnabled = "NO">
         </CommandLineArgument>
         <CommandLineArgument
            argument = "--pick=ddd"
            isEnabled = "NO">
         </CommandLineArgument>
         <CommandLineArgument
            argument = "--tabbycolor=FF00FF"
            isEnabled = "YES">
         </CommandLineArgument>
         <CommandLineArgument
            argument = "--ascii"
            isEnabled = "NO">
         </CommandLineArgument>
         <CommandLineArgument
            argument = "--ansi=No"
            isEnabled = "NO">
         </CommandLineArgument>
         <CommandLineArgument
            argument = "--tabby AABBBBBB"
            isEnabled = "NO">
         </CommandLineArgument>
         <CommandLineArgument
            argument = "--shafts 24"
            isEnabled = "YES">
         </CommandLineArgument>
         <CommandLineArgument
            argument = "--findloom"
            isEnabled = "NO">
         </CommandLineArgument>
         <CommandLineArgument
            argument = "--picks=7x1~8,14x(9-36,ab,~90),93-100,7x101-108,AB,~90"
            isEnabled = "NO">
         </CommandLineArgument>
         <CommandLineArgument
            argument = "&quot;gudruns towel4.dtx&quot;"
            isEnabled = "NO">
         </CommandLineArgument>
         <CommandLineArgument
            argument = "--picks=1~8"
            isEnabled = "NO">
         </CommandLineArgument>
         <CommandLineArgument
            argument = "--tabbyPattern=AxBy"
            isEnabled = "NO">
         </CommandLineArgument>
         <CommandLineArgument
            argument = "--loomDevice=/dev/ttyu8"
            isEnabled = "NO">
         </CommandLineArgument>
         <CommandLineArgument
            argument = "--loomAddress="
            isEnabled = "NO">
         </CommandLineArgument>
         <CommandLineArgument
            argument = "43608.wif"
            isEnabled = "NO">
         </CommandLineArgument>
         <CommandLineArgument
            argument = "loomtest_24shaft.wif"
            isEnabled = "YES">
         </CommandLineArgument>
         <CommandLineArgument
            argument = "&apos;gudruns towel4.wif&apos;"
            isEnabled = "NO">
         </CommandLineArgument>
         <CommandLineArgument
            argument = "&quot;Penny-wise table runner.dtx&quot;"
            isEnabled = "NO">
         </CommandLineArgument>
         <CommandLineArgument
            argument = "&quot;log cabin 17end.dtx&quot;"
            isEnabled = "NO">
         </CommandLineArgument>
         <CommandLineArgument
            argument = "&quot;cross shadow 10thread 11sdobby.wif&quot;"
            isEnabled = "NO">
         </CommandLineArgument>
         <CommandLineArgument
            argument = "&apos;shibori mw.wif&apos;"
            isEnabled = "NO">
         </CommandLineArgument>
         <CommandLineArgument
            argument = "&apos;simple test8.wif&apos;"
            isEnabled = "NO">
         </CommandLineArgument>
      </CommandLineArguments>
      <EnvironmentVariables>
         <EnvironmentVariable
            key = "DRAWBOY_LOOMDEVICE"
            value = "/dev/cu.usbserial-FTDNEU8T"
            isEnabled = "NO">
         </EnvironmentVariable>
         <EnvironmentVariable
            key = "DRAWBOY_DOBBYTYPE"
            value = "Negative"
            isEnabled = "NO">
         </EnvironmentVariable>
         <EnvironmentVariable
            key = "DRAWBOY_SHAFTS"
            value = "8"
            isEnabled = "NO">
         </EnvironmentVariable>
         <EnvironmentVariable
            key = "DRAWBOY_SOCKET"
            value = "/tmp/drawboy.socket"
            isEnabled = "YES">
         </EnvironmentVariable>
         <EnvironmentVariable
            key = "DRAWBOY_ANSI"
            value = "TrueColor"
            isEnabled = "NO">
         </EnvironmentVariable>
         <EnvironmentVariable
            key = "DRAWBOY_LOOMDEVICE"
            value = "/dev/tty.usbserial-A4008SKB"
            isEnabled = "NO">
         </EnvironmentVariable>
         <EnvironmentVariable
            key = "DRAWBOY_LOOMADDRESS"
            value = ""
            isEnabled = "NO">
         </EnvironmentVariable>
         <EnvironmentVariable
            key = "DRAWBOY_DOBBYGENERATION"
            value = "3"
            isEnabled = "NO">
         </EnvironmentVariable>
         <EnvironmentVariable
            key = "DRAWBOY_LOOMDEVICE"
            value = ""
            isEnabled = "YES">
         </EnvironmentVariable>
      </EnvironmentVariables>
   </LaunchAction>
   <ProfileAction
      buildConfiguration = "Release"
      shouldUseLaunchSchemeArgsEnv = "YES"
      savedToolIdentifier = ""
      useCustomWorkingDirectory = "NO"
      debugDocumentVersioning = "YES">
      <BuildableProductRunnable
         runnableDebuggingMode = "0">
         <BuildableReference
            BuildableIdentifier = "primary"
            BlueprintIdentifier = "52DE6CB02CBE3015008EB99F"
            BuildableName = "drawboy"
            BlueprintName = "DrawBoy"
            ReferencedContainer = "container:DrawBoy.xcodeproj">
         </BuildableReference>
      </BuildableProductRunnable>
   </ProfileAction>
   <AnalyzeAction
      buildConfiguration = "Debug">
   </AnalyzeAction>
   <ArchiveAction
      buildConfiguration = "Release"
      revealArchiveInOrganizer = "YES">
   </ArchiveAction>
</Scheme>
